# CPython 3.12 / Linux x86_64 wheel-only lock. See README.md for regeneration.
# Direct roots: requirements-ci.in; pip is the pinned installation tool.
beautifulsoup4==4.15.0 --hash=sha256:d6f88de62e1d4e38ecb1077eb9724cd0eff29d2a08ca16a401e9b9e93f117cf9
brotli==1.2.0 --hash=sha256:072e7624b1fc4d601036ab3f4f27942ef772887e876beff0301d261210bca97f
certifi==2026.7.22 --hash=sha256:62f22742b58a1a33014a2b6b706588a8d7e2a88ae7bd1a6ebe8c992928483775
cffi==2.1.1 --hash=sha256:c1453022f490d2459a11819d83ad1d586e9ff65a12ac3e705ffebd46d3685dcf
charset-normalizer==3.5.1 --hash=sha256:b9af956078716df40d985fb0dfeb2c2120c5ca92ba4ff4b388acfd01cdc14d08
click==8.5.0 --hash=sha256:255bc9599cf7748b4b1a446ccc735421bd08a2ae529a8b88597d3de5664ee360
cryptography==50.0.1 --hash=sha256:51afcfceb15597cf2635068e4ac9a56b2abde622edde17f37d85fd7b5306497a
curl_cffi==0.16.3 --hash=sha256:a875a661e2f9a949be29454880bbb9553307a487c4c08819738298cf5c1622e2
FastWARC==1.0.9 --hash=sha256:105e4e7755c917de5e3f33dc1d93822eaa2a451cedc5430c6e0718964ab651e2
markdownify==1.2.3 --hash=sha256:a189a0bedfd14009030fde5f85bb6f77c56897cb839b5c25315dd7d4e3e290ba
pdfminer.six==20260107 --hash=sha256:366585ba97e80dffa8f00cebe303d2f381884d8637af4ce422f1df3ef38111a9
pdfplumber==0.11.10 --hash=sha256:7741ea81bf165b474b153e6789d10d18e06b6ddcf3ec84289c3ef2fed6802580
pillow==12.3.0 --hash=sha256:78cb2c6865a35ab8ff8b75fd122f6033b92a62c82801110e48ddd6c936a45d91
pip==26.2.1 --hash=sha256:71138adf1f4ca900cdb7d289c21b7494329f2332b6d85f0e1c42108c0384ed3e
pycparser==3.0 --hash=sha256:b727414169a36b7d524c1c3e31839a521725078d7b2ff038656844266160a992
pypdf==6.17.0 --hash=sha256:5bd827266a21553b74d910e350131a6227b72f2ab4209bf372814b8195fa11c5
pypdfium2==5.13.0 --hash=sha256:81df25c1ab4c13ff773102d3cbea1967511d079123b067fc077bd0c4d57d91d8
PyYAML==6.0.3 --hash=sha256:ba1cc08a7ccde2d2ec775841541641e4548226580ab850948cbfda66a1befcdc
Resiliparse==1.0.9 --hash=sha256:c717da692cacf2335948dff4f75eeb65bddc37ec25eb235daf36ef463207b6ea
six==1.17.0 --hash=sha256:4721f391ed90541fddacab5acf947aa0d3dc7d27b2e1e8eda2be8970586c3274
soupsieve==2.9.2 --hash=sha256:8089a26fd974ca7a1f30276d3d8492ab266ab15af581642dfe8aa162e0c1c823
tqdm==4.70.0 --hash=sha256:7f585706bfddbdebf89daac705b2dfcc16890130727d3197ca62c732b4310953
typing_extensions==4.16.0 --hash=sha256:481caa481374e813c1b176ada14e97f1f67a4539ce9cfeb3f350d78d6370c2e8
